
Microsoft Visual Studio Solution File, Format Version 12.00
# Visual Studio Version 16
VisualStudioVersion = 16.0.31205.134
MinimumVisualStudioVersion = 10.0.40219.1
Project("{9A19103F-16F7-4668-BE54-9A1E7A4F7556}") = "LumberJacking", "LumberJacking\LumberJacking.csproj", "{A0EA7EEC-ED81-429B-82C3-8BEC9753685E}"
EndProject
Global
	GlobalSection(SolutionConfigurationPlatforms) = preSolution
		Debug|Any CPU = Debug|Any CPU
		Release|Any CPU = Release|Any CPU
	EndGlobalSection
	GlobalSection(ProjectConfigurationPlatforms) = postSolution
		{A0EA7EEC-ED81-429B-82C3-8BEC9753685E}.Debug|Any CPU.ActiveCfg = Debug|Any CPU
		{A0EA7EEC-ED81-429B-82C3-8BEC9753685E}.Debug|Any CPU.Build.0 = Debug|Any CPU
		{A0EA7EEC-ED81-429B-82C3-8BEC9753685E}.Release|Any CPU.ActiveCfg = Release|Any CPU
		{A0EA7EEC-ED81-429B-82C3-8BEC9753685E}.Release|Any CPU.Build.0 = Release|Any CPU
	EndGlobalSection
	GlobalSection(SolutionProperties) = preSolution
		HideSolutionNode = FALSE
	EndGlobalSection
	GlobalSection(ExtensibilityGlobals) = postSolution
		SolutionGuid = {BCB18776-3570-41F9-87F8-9CD43F472DF8}
	EndGlobalSection
EndGlobal
